
Microsoft Visual Studio Solution File, Format Version 12.00
Project("{FAE04EC0-301F-11D3-BF4B-00C04F79EFBC}") = "WebController", "WebController\WebController.csproj", "{F9942409-137A-40CE-913F-1DFB4BA4E380}"
EndProject
Project("{FAE04EC0-301F-11D3-BF4B-00C04F79EFBC}") = "Test", "Test\Test.csproj", "{51957E4C-9D97-4AF0-A8AE-25E283FE56CE}"
EndProject
Global
	GlobalSection(SolutionConfigurationPlatforms) = preSolution
		Debug|Any CPU = Debug|Any CPU
		Release|Any CPU = Release|Any CPU
	EndGlobalSection
	GlobalSection(ProjectConfigurationPlatforms) = postSolution
		{F9942409-137A-40CE-913F-1DFB4BA4E380}.Debug|Any CPU.ActiveCfg = Debug|Any CPU
		{F9942409-137A-40CE-913F-1DFB4BA4E380}.Debug|Any CPU.Build.0 = Debug|Any CPU
		{F9942409-137A-40CE-913F-1DFB4BA4E380}.Release|Any CPU.ActiveCfg = Release|Any CPU
		{F9942409-137A-40CE-913F-1DFB4BA4E380}.Release|Any CPU.Build.0 = Release|Any CPU
		{51957E4C-9D97-4AF0-A8AE-25E283FE56CE}.Debug|Any CPU.ActiveCfg = Debug|Any CPU
		{51957E4C-9D97-4AF0-A8AE-25E283FE56CE}.Debug|Any CPU.Build.0 = Debug|Any CPU
		{51957E4C-9D97-4AF0-A8AE-25E283FE56CE}.Release|Any CPU.ActiveCfg = Release|Any CPU
		{51957E4C-9D97-4AF0-A8AE-25E283FE56CE}.Release|Any CPU.Build.0 = Release|Any CPU
	EndGlobalSection
EndGlobal
